{
  "pins" : [
    {
      "identity" : "domain-gesture",
      "kind" : "remoteSourceControl",
      "location" : "https://github.com/levitatingpineapple/domain-gesture.git",
      "state" : {
        "revision" : "1b90b4559c9464eaf8683efe526bcaa0ccc0a62f",
        "version" : "1.0.3"
      }
    },
    {
      "identity" : "starscream",
      "kind" : "remoteSourceControl",
      "location" : "https://github.com/daltoniam/Starscream.git",
      "state" : {
        "revision" : "df8d82047f6654d8e4b655d1b1525c64e1059d21",
        "version" : "4.0.4"
      }
    },
    {
      "identity" : "swift-protobuf",
      "kind" : "remoteSourceControl",
      "location" : "https://github.com/apple/swift-protobuf.git",
      "state" : {
        "revision" : "0af9125c4eae12a4973fb66574c53a54962a9e1e",
        "version" : "1.21.0"
      }
    },
    {
      "identity" : "swiftui-introspect",
      "kind" : "remoteSourceControl",
      "location" : "https://github.com/siteline/SwiftUI-Introspect.git",
      "state" : {
        "branch" : "master",
        "revision" : "54d0aa0d314e649a08b525717ae64da48d51c121"
      }
    },
    {
      "identity" : "xcastocksapi",
      "kind" : "remoteSourceControl",
      "location" : "https://github.com/jantiks/XCAStocksAPI.git",
      "state" : {
        "branch" : "main",
        "revision" : "de7788640e4fcb48ce49864dbd6be47935632eb1"
      }
    }
  ],
  "version" : 2
}
